// !$*UTF8*$!
{
	archiveVersion = 1;
	classes = {
	};
	objectVersion = 77;
	objects = {

/* Begin PBXBuildFile section */
		0AB3804987F95D14362B3E10 /* BrowserView.swift in Sources */ = {isa = PBXBuildFile; fileRef = 2799491F3D77B8DBAE4E8B65 /* BrowserView.swift */; };
		0BB590A62D18FF0B1D2F182B /* ContentView.swift in Sources */ = {isa = PBXBuildFile; fileRef = F3627A15C4B94350D2597305 /* ContentView.swift */; };
		0FC09B22D38B508DAB1C7574 /* Article.swift in Sources */ = {isa = PBXBuildFile; fileRef = 324A84A83D9057BE5651CD86 /* Article.swift */; };
		1046326D0F0A4ECF9DC5E0EA /* UnreadBadgeService.swift in Sources */ = {isa = PBXBuildFile; fileRef = 88EA15421265C7D145EDDA4A /* UnreadBadgeService.swift */; };
		12AAF13E8D19D5AFAE1A9B22 /* BackgroundRefreshService.swift in Sources */ = {isa = PBXBuildFile; fileRef = 63479221A20572C8B131CC94 /* BackgroundRefreshService.swift */; };
		1CAC44F074E0AE4D6DB9A8A0 /* DesignReviewBaseline.swift in Sources */ = {isa = PBXBuildFile; fileRef = E12D733C78C930DBB1FA0FDB /* DesignReviewBaseline.swift */; };
		1D52482FEB961B1F5E6B956D /* FeedDiscoveryService.swift in Sources */ = {isa = PBXBuildFile; fileRef = 872EFAD58C7D6F26E32E7E69 /* FeedDiscoveryService.swift */; };
		1E0B7D8E279442BDAB737B17 /* FeedRefreshService.swift in Sources */ = {isa = PBXBuildFile; fileRef = EF30D7165BEF9EF7B18CEB81 /* FeedRefreshService.swift */; };
		24FE142F5FEC2DD937ACD896 /* SmartFolder.swift in Sources */ = {isa = PBXBuildFile; fileRef = 96D5804671D65CDC9BA3B84F /* SmartFolder.swift */; };
		2C8557ED6E6A034DF8C6E0B1 /* ContentViewModel.swift in Sources */ = {isa = PBXBuildFile; fileRef = 10A1C407E0E3F27668B43A91 /* ContentViewModel.swift */; };
		2D8D7F95D8A32017088AC9A9 /* AIProvider.swift in Sources */ = {isa = PBXBuildFile; fileRef = 20DB1B86F5A1D7DA208EB6A3 /* AIProvider.swift */; };
		3E0294DF6D933B35840657F5 /* ReadingPaneView.swift in Sources */ = {isa = PBXBuildFile; fileRef = EE536FC7D285179CEFB9A6B6 /* ReadingPaneView.swift */; };
		3FB94E0DE0F6BBF532BBEC50 /* ArticleListView.swift in Sources */ = {isa = PBXBuildFile; fileRef = 3F57AC84D880AEE5AEB32BB6 /* ArticleListView.swift */; };
		40A99782BEFD9BE73A0E91F3 /* FullTextSearchService.swift in Sources */ = {isa = PBXBuildFile; fileRef = AB4FB48B25FB25AB546825EB /* FullTextSearchService.swift */; };
		448371B24D14B394F9DD9E66 /* NotificationSettings.swift in Sources */ = {isa = PBXBuildFile; fileRef = 20F52A6FA83A9ABBD1B7F4D0 /* NotificationSettings.swift */; };
		44AA4838D6D4B0422621884E /* FeedRepository.swift in Sources */ = {isa = PBXBuildFile; fileRef = C7732895557C5C03A201DAB3 /* FeedRepository.swift */; };
		4875B528E262839BB70B1A37 /* FeedService.swift in Sources */ = {isa = PBXBuildFile; fileRef = 17F61A4AF13EAF1574520CAD /* FeedService.swift */; };
		4CDDF6B877CD6EA5BABEC737 /* RefreshSchedule.swift in Sources */ = {isa = PBXBuildFile; fileRef = BB1BE3528BBA25BBF86FA5DB /* RefreshSchedule.swift */; };
		58E0C604A6F47B8B9F2FB70C /* ContentExtractionService.swift in Sources */ = {isa = PBXBuildFile; fileRef = AECD198875476281E0D08607 /* ContentExtractionService.swift */; };
		677078F801C7699A23A9406B /* Logger.swift in Sources */ = {isa = PBXBuildFile; fileRef = 2D827B461D187C59163E5803 /* Logger.swift */; };
		77F10C7D044891A8E994A1F5 /* CloudKitSyncService.swift in Sources */ = {isa = PBXBuildFile; fileRef = 549FCF1D61FDCAC3802A7339 /* CloudKitSyncService.swift */; };
		7F729304DD4AE7A4523B7EA7 /* MainWindowLayout.swift in Sources */ = {isa = PBXBuildFile; fileRef = 3351B93914DB35818903B24D /* MainWindowLayout.swift */; };
		818DB03E5B7F8EEA3658334A /* FeedImportService.swift in Sources */ = {isa = PBXBuildFile; fileRef = 2D4763C848017EA801B958A1 /* FeedImportService.swift */; };
		870CECEF8E89EAE443ADF28C /* ModelContainerProvider.swift in Sources */ = {isa = PBXBuildFile; fileRef = 4C79457B2DC238DB0B8C2D07 /* ModelContainerProvider.swift */; };
		993640AAD6ED0F96942951D8 /* TextToSpeechService.swift in Sources */ = {isa = PBXBuildFile; fileRef = E4930E47A8BD942ACE3B9865 /* TextToSpeechService.swift */; };
		A35A743654E39BAAA4F8AB90 /* RefreshScheduler.swift in Sources */ = {isa = PBXBuildFile; fileRef = 1853DF5D99D4EF2EB973F7EC /* RefreshScheduler.swift */; };
		A6A09579B208B60ACF920963 /* Summary.swift in Sources */ = {isa = PBXBuildFile; fileRef = 19997E120C8B861F88198AD2 /* Summary.swift */; };
		A969927AD805CF2A2C37958E /* FeedDiscoveryServiceTests.swift in Sources */ = {isa = PBXBuildFile; fileRef = C5F565A55A304348F54A2D40 /* FeedDiscoveryServiceTests.swift */; };
		AE611FA41D42FC519D862A86 /* SummarizationProvider.swift in Sources */ = {isa = PBXBuildFile; fileRef = AF518FE4ADF640B12EA35A9B /* SummarizationProvider.swift */; };
		B01C33CEF93372E99A3837D1 /* Folder.swift in Sources */ = {isa = PBXBuildFile; fileRef = 3DA9EE87E4BC8FC7BEB14160 /* Folder.swift */; };
		B16F8E8CB05F38F25D012DBE /* SmartFolderService.swift in Sources */ = {isa = PBXBuildFile; fileRef = A859F9B3BECCF37CE2088333 /* SmartFolderService.swift */; };
		B462BFB4E65F58AE7858B570 /* ArticleListViewModel.swift in Sources */ = {isa = PBXBuildFile; fileRef = 6AA33E50F4C5469B48F96F1F /* ArticleListViewModel.swift */; };
		C0F1606CBB4828887F020B5E /* FeedRefreshPipeline.swift in Sources */ = {isa = PBXBuildFile; fileRef = 50A54227F3A6C09BF3EBF4E9 /* FeedRefreshPipeline.swift */; };
		C920CC67EA5A0064D41F5A74 /* PrecisApp.swift in Sources */ = {isa = PBXBuildFile; fileRef = 50AAA03477C9D6D102BEC50C /* PrecisApp.swift */; };
		C9A30658C58BFA22BD76192F /* PrecisAppIntent.swift in Sources */ = {isa = PBXBuildFile; fileRef = 0AD4C9D55082697AF04F0F33 /* PrecisAppIntent.swift */; };
		CB07C3DFE5753B3FAAB632E6 /* AppRootView.swift in Sources */ = {isa = PBXBuildFile; fileRef = 1254875E2D14EAD4651CFA6A /* AppRootView.swift */; };
		E2609D131D1A3D22F0DC998B /* DesignSystem.swift in Sources */ = {isa = PBXBuildFile; fileRef = ACFE1ACFD7574320B2DBAF7A /* DesignSystem.swift */; };
		E3DA620B787E3CF3F4DBAD1E /* FeedKit in Frameworks */ = {isa = PBXBuildFile; productRef = E866CBD8782989BEE12DFA8A /* FeedKit */; };
		E7D2C9778203C3F02DF737AD /* FeedParserService.swift in Sources */ = {isa = PBXBuildFile; fileRef = D5A2196FEDB9001461275B19 /* FeedParserService.swift */; };
		EB851919CF785D96E0A93971 /* Feed.swift in Sources */ = {isa = PBXBuildFile; fileRef = FB8F6E3D7FB84A08BB702EB1 /* Feed.swift */; };
		EE18A9BF953C3E51DC2431DA /* SwiftDataModels.swift in Sources */ = {isa = PBXBuildFile; fileRef = C0ABCCC48E5433848F66FCDE /* SwiftDataModels.swift */; };
		EF6F5BBC4C212CCBF3549F7E /* ArticleRepository.swift in Sources */ = {isa = PBXBuildFile; fileRef = 5384198C4F53F0A026E513FF /* ArticleRepository.swift */; };
		F48FEAC045F490DC03A0ABB1 /* PersistenceController.swift in Sources */ = {isa = PBXBuildFile; fileRef = 1A90E81A5F7896A7691E030F /* PersistenceController.swift */; };
		F6F370BC5965758C032FB054 /* FeedDiscoveryResult.swift in Sources */ = {isa = PBXBuildFile; fileRef = CDA4E430DC7A18B1E777031C /* FeedDiscoveryResult.swift */; };
		FE20E9AC570CC0D23D124E75 /* ArticleListItem.swift in Sources */ = {isa = PBXBuildFile; fileRef = 65EBD2F94DBE553086266788 /* ArticleListItem.swift */; };
/* End PBXBuildFile section */

/* Begin PBXFileReference section */
		0AD4C9D55082697AF04F0F33 /* PrecisAppIntent.swift */ = {isa = PBXFileReference; lastKnownFileType = sourcecode.swift; path = PrecisAppIntent.swift; sourceTree = "<group>"; };
		10A1C407E0E3F27668B43A91 /* ContentViewModel.swift */ = {isa = PBXFileReference; lastKnownFileType = sourcecode.swift; path = ContentViewModel.swift; sourceTree = "<group>"; };
		1254875E2D14EAD4651CFA6A /* AppRootView.swift */ = {isa = PBXFileReference; lastKnownFileType = sourcecode.swift; path = AppRootView.swift; sourceTree = "<group>"; };
		17F61A4AF13EAF1574520CAD /* FeedService.swift */ = {isa = PBXFileReference; lastKnownFileType = sourcecode.swift; path = FeedService.swift; sourceTree = "<group>"; };
		1853DF5D99D4EF2EB973F7EC /* RefreshScheduler.swift */ = {isa = PBXFileReference; lastKnownFileType = sourcecode.swift; path = RefreshScheduler.swift; sourceTree = "<group>"; };
		19997E120C8B861F88198AD2 /* Summary.swift */ = {isa = PBXFileReference; lastKnownFileType = sourcecode.swift; path = Summary.swift; sourceTree = "<group>"; };
		1A90E81A5F7896A7691E030F /* PersistenceController.swift */ = {isa = PBXFileReference; lastKnownFileType = sourcecode.swift; path = PersistenceController.swift; sourceTree = "<group>"; };
		20DB1B86F5A1D7DA208EB6A3 /* AIProvider.swift */ = {isa = PBXFileReference; lastKnownFileType = sourcecode.swift; path = AIProvider.swift; sourceTree = "<group>"; };
		20F52A6FA83A9ABBD1B7F4D0 /* NotificationSettings.swift */ = {isa = PBXFileReference; lastKnownFileType = sourcecode.swift; path = NotificationSettings.swift; sourceTree = "<group>"; };
		2799491F3D77B8DBAE4E8B65 /* BrowserView.swift */ = {isa = PBXFileReference; lastKnownFileType = sourcecode.swift; path = BrowserView.swift; sourceTree = "<group>"; };
		2D4763C848017EA801B958A1 /* FeedImportService.swift */ = {isa = PBXFileReference; lastKnownFileType = sourcecode.swift; path = FeedImportService.swift; sourceTree = "<group>"; };
		2D827B461D187C59163E5803 /* Logger.swift */ = {isa = PBXFileReference; lastKnownFileType = sourcecode.swift; path = Logger.swift; sourceTree = "<group>"; };
		324A84A83D9057BE5651CD86 /* Article.swift */ = {isa = PBXFileReference; lastKnownFileType = sourcecode.swift; path = Article.swift; sourceTree = "<group>"; };
		3351B93914DB35818903B24D /* MainWindowLayout.swift */ = {isa = PBXFileReference; lastKnownFileType = sourcecode.swift; path = MainWindowLayout.swift; sourceTree = "<group>"; };
		3DA9EE87E4BC8FC7BEB14160 /* Folder.swift */ = {isa = PBXFileReference; lastKnownFileType = sourcecode.swift; path = Folder.swift; sourceTree = "<group>"; };
		3F57AC84D880AEE5AEB32BB6 /* ArticleListView.swift */ = {isa = PBXFileReference; lastKnownFileType = sourcecode.swift; path = ArticleListView.swift; sourceTree = "<group>"; };
		401D81C218045A16008FDE86 /* Info.plist */ = {isa = PBXFileReference; lastKnownFileType = text.plist; path = Info.plist; sourceTree = "<group>"; };
		43BC7944427CBFB71C9C0FCD /* Precis.app */ = {isa = PBXFileReference; explicitFileType = wrapper.application; includeInIndex = 0; path = Precis.app; sourceTree = BUILT_PRODUCTS_DIR; };
		4C79457B2DC238DB0B8C2D07 /* ModelContainerProvider.swift */ = {isa = PBXFileReference; lastKnownFileType = sourcecode.swift; path = ModelContainerProvider.swift; sourceTree = "<group>"; };
		50A54227F3A6C09BF3EBF4E9 /* FeedRefreshPipeline.swift */ = {isa = PBXFileReference; lastKnownFileType = sourcecode.swift; path = FeedRefreshPipeline.swift; sourceTree = "<group>"; };
		50AAA03477C9D6D102BEC50C /* PrecisApp.swift */ = {isa = PBXFileReference; lastKnownFileType = sourcecode.swift; path = PrecisApp.swift; sourceTree = "<group>"; };
		5384198C4F53F0A026E513FF /* ArticleRepository.swift */ = {isa = PBXFileReference; lastKnownFileType = sourcecode.swift; path = ArticleRepository.swift; sourceTree = "<group>"; };
		549FCF1D61FDCAC3802A7339 /* CloudKitSyncService.swift */ = {isa = PBXFileReference; lastKnownFileType = sourcecode.swift; path = CloudKitSyncService.swift; sourceTree = "<group>"; };
		63479221A20572C8B131CC94 /* BackgroundRefreshService.swift */ = {isa = PBXFileReference; lastKnownFileType = sourcecode.swift; path = BackgroundRefreshService.swift; sourceTree = "<group>"; };
		65EBD2F94DBE553086266788 /* ArticleListItem.swift */ = {isa = PBXFileReference; lastKnownFileType = sourcecode.swift; path = ArticleListItem.swift; sourceTree = "<group>"; };
		6AA33E50F4C5469B48F96F1F /* ArticleListViewModel.swift */ = {isa = PBXFileReference; lastKnownFileType = sourcecode.swift; path = ArticleListViewModel.swift; sourceTree = "<group>"; };
		872EFAD58C7D6F26E32E7E69 /* FeedDiscoveryService.swift */ = {isa = PBXFileReference; lastKnownFileType = sourcecode.swift; path = FeedDiscoveryService.swift; sourceTree = "<group>"; };
		88EA15421265C7D145EDDA4A /* UnreadBadgeService.swift */ = {isa = PBXFileReference; lastKnownFileType = sourcecode.swift; path = UnreadBadgeService.swift; sourceTree = "<group>"; };
		96D5804671D65CDC9BA3B84F /* SmartFolder.swift */ = {isa = PBXFileReference; lastKnownFileType = sourcecode.swift; path = SmartFolder.swift; sourceTree = "<group>"; };
		A859F9B3BECCF37CE2088333 /* SmartFolderService.swift */ = {isa = PBXFileReference; lastKnownFileType = sourcecode.swift; path = SmartFolderService.swift; sourceTree = "<group>"; };
		AB4FB48B25FB25AB546825EB /* FullTextSearchService.swift */ = {isa = PBXFileReference; lastKnownFileType = sourcecode.swift; path = FullTextSearchService.swift; sourceTree = "<group>"; };
		ACFE1ACFD7574320B2DBAF7A /* DesignSystem.swift */ = {isa = PBXFileReference; lastKnownFileType = sourcecode.swift; path = DesignSystem.swift; sourceTree = "<group>"; };
		AECD198875476281E0D08607 /* ContentExtractionService.swift */ = {isa = PBXFileReference; lastKnownFileType = sourcecode.swift; path = ContentExtractionService.swift; sourceTree = "<group>"; };
		AF518FE4ADF640B12EA35A9B /* SummarizationProvider.swift */ = {isa = PBXFileReference; lastKnownFileType = sourcecode.swift; path = SummarizationProvider.swift; sourceTree = "<group>"; };
		B19D281BA82A58F79EF93FA0 /* Precis.entitlements */ = {isa = PBXFileReference; lastKnownFileType = text.plist.entitlements; path = Precis.entitlements; sourceTree = "<group>"; };
		BB1BE3528BBA25BBF86FA5DB /* RefreshSchedule.swift */ = {isa = PBXFileReference; lastKnownFileType = sourcecode.swift; path = RefreshSchedule.swift; sourceTree = "<group>"; };
		C0ABCCC48E5433848F66FCDE /* SwiftDataModels.swift */ = {isa = PBXFileReference; lastKnownFileType = sourcecode.swift; path = SwiftDataModels.swift; sourceTree = "<group>"; };
		C5F565A55A304348F54A2D40 /* FeedDiscoveryServiceTests.swift */ = {isa = PBXFileReference; lastKnownFileType = sourcecode.swift; path = FeedDiscoveryServiceTests.swift; sourceTree = "<group>"; };
		C7732895557C5C03A201DAB3 /* FeedRepository.swift */ = {isa = PBXFileReference; lastKnownFileType = sourcecode.swift; path = FeedRepository.swift; sourceTree = "<group>"; };
		CDA4E430DC7A18B1E777031C /* FeedDiscoveryResult.swift */ = {isa = PBXFileReference; lastKnownFileType = sourcecode.swift; path = FeedDiscoveryResult.swift; sourceTree = "<group>"; };
		D5A2196FEDB9001461275B19 /* FeedParserService.swift */ = {isa = PBXFileReference; lastKnownFileType = sourcecode.swift; path = FeedParserService.swift; sourceTree = "<group>"; };
		E12D733C78C930DBB1FA0FDB /* DesignReviewBaseline.swift */ = {isa = PBXFileReference; lastKnownFileType = sourcecode.swift; path = DesignReviewBaseline.swift; sourceTree = "<group>"; };
		E4930E47A8BD942ACE3B9865 /* TextToSpeechService.swift */ = {isa = PBXFileReference; lastKnownFileType = sourcecode.swift; path = TextToSpeechService.swift; sourceTree = "<group>"; };
		EE536FC7D285179CEFB9A6B6 /* ReadingPaneView.swift */ = {isa = PBXFileReference; lastKnownFileType = sourcecode.swift; path = ReadingPaneView.swift; sourceTree = "<group>"; };
		EF30D7165BEF9EF7B18CEB81 /* FeedRefreshService.swift */ = {isa = PBXFileReference; lastKnownFileType = sourcecode.swift; path = FeedRefreshService.swift; sourceTree = "<group>"; };
		F3627A15C4B94350D2597305 /* ContentView.swift */ = {isa = PBXFileReference; lastKnownFileType = sourcecode.swift; path = ContentView.swift; sourceTree = "<group>"; };
		FB8F6E3D7FB84A08BB702EB1 /* Feed.swift */ = {isa = PBXFileReference; lastKnownFileType = sourcecode.swift; path = Feed.swift; sourceTree = "<group>"; };
/* End PBXFileReference section */

/* Begin PBXFrameworksBuildPhase section */
		8780360A9E6F34FC059A66E6 /* Frameworks */ = {
			isa = PBXFrameworksBuildPhase;
			buildActionMask = 2147483647;
			files = (
				E3DA620B787E3CF3F4DBAD1E /* FeedKit in Frameworks */,
			);
			runOnlyForDeploymentPostprocessing = 0;
		};
/* End PBXFrameworksBuildPhase section */

/* Begin PBXGroup section */
		0D7BCD14C420940F42D5C41E /* Design */ = {
			isa = PBXGroup;
			children = (
				ACFE1ACFD7574320B2DBAF7A /* DesignSystem.swift */,
			);
			path = Design;
			sourceTree = "<group>";
		};
		120018C0E6C7B74BA92B2D42 /* AI */ = {
			isa = PBXGroup;
			children = (
				20DB1B86F5A1D7DA208EB6A3 /* AIProvider.swift */,
				AF518FE4ADF640B12EA35A9B /* SummarizationProvider.swift */,
			);
			path = AI;
			sourceTree = "<group>";
		};
		25417779B59E3767F7A518A3 /* Repositories */ = {
			isa = PBXGroup;
			children = (
				5384198C4F53F0A026E513FF /* ArticleRepository.swift */,
				C7732895557C5C03A201DAB3 /* FeedRepository.swift */,
			);
			path = Repositories;
			sourceTree = "<group>";
		};
		48184CDE6E3B593FDDC2BFFB /* Sync */ = {
			isa = PBXGroup;
			children = (
				549FCF1D61FDCAC3802A7339 /* CloudKitSyncService.swift */,
			);
			path = Sync;
			sourceTree = "<group>";
		};
		4DA99377E3B64FF9A8F019E0 /* Precis */ = {
			isa = PBXGroup;
			children = (
				F3627A15C4B94350D2597305 /* ContentView.swift */,
				401D81C218045A16008FDE86 /* Info.plist */,
				B19D281BA82A58F79EF93FA0 /* Precis.entitlements */,
				50AAA03477C9D6D102BEC50C /* PrecisApp.swift */,
				120018C0E6C7B74BA92B2D42 /* AI */,
				67CD48AC9E1639B689CCBD99 /* AppIntents */,
				0D7BCD14C420940F42D5C41E /* Design */,
				6DFE14B7F242FEEBCCC1131D /* Models */,
				66CBC216E649C20971D4D1B9 /* Persistence */,
				C405787DB2034C41157DDB75 /* Services */,
				48184CDE6E3B593FDDC2BFFB /* Sync */,
				9D43F268FC62BA33A552D079 /* Utilities */,
				746CE067D6E208C85B4C1805 /* ViewModels */,
				7CD889C9EB6A9E736BB6FCB8 /* Views */,
			);
			path = Precis;
			sourceTree = "<group>";
		};
		66CBC216E649C20971D4D1B9 /* Persistence */ = {
			isa = PBXGroup;
			children = (
				4C79457B2DC238DB0B8C2D07 /* ModelContainerProvider.swift */,
				1A90E81A5F7896A7691E030F /* PersistenceController.swift */,
				C0ABCCC48E5433848F66FCDE /* SwiftDataModels.swift */,
				25417779B59E3767F7A518A3 /* Repositories */,
			);
			path = Persistence;
			sourceTree = "<group>";
		};
		67CD48AC9E1639B689CCBD99 /* AppIntents */ = {
			isa = PBXGroup;
			children = (
				0AD4C9D55082697AF04F0F33 /* PrecisAppIntent.swift */,
			);
			path = AppIntents;
			sourceTree = "<group>";
		};
		6DFE14B7F242FEEBCCC1131D /* Models */ = {
			isa = PBXGroup;
			children = (
				324A84A83D9057BE5651CD86 /* Article.swift */,
				65EBD2F94DBE553086266788 /* ArticleListItem.swift */,
				FB8F6E3D7FB84A08BB702EB1 /* Feed.swift */,
				CDA4E430DC7A18B1E777031C /* FeedDiscoveryResult.swift */,
				3DA9EE87E4BC8FC7BEB14160 /* Folder.swift */,
				20F52A6FA83A9ABBD1B7F4D0 /* NotificationSettings.swift */,
				BB1BE3528BBA25BBF86FA5DB /* RefreshSchedule.swift */,
				96D5804671D65CDC9BA3B84F /* SmartFolder.swift */,
				19997E120C8B861F88198AD2 /* Summary.swift */,
			);
			path = Models;
			sourceTree = "<group>";
		};
		746CE067D6E208C85B4C1805 /* ViewModels */ = {
			isa = PBXGroup;
			children = (
				6AA33E50F4C5469B48F96F1F /* ArticleListViewModel.swift */,
				10A1C407E0E3F27668B43A91 /* ContentViewModel.swift */,
			);
			path = ViewModels;
			sourceTree = "<group>";
		};
		7CD889C9EB6A9E736BB6FCB8 /* Views */ = {
			isa = PBXGroup;
			children = (
				1254875E2D14EAD4651CFA6A /* AppRootView.swift */,
				3F57AC84D880AEE5AEB32BB6 /* ArticleListView.swift */,
				2799491F3D77B8DBAE4E8B65 /* BrowserView.swift */,
				E12D733C78C930DBB1FA0FDB /* DesignReviewBaseline.swift */,
				3351B93914DB35818903B24D /* MainWindowLayout.swift */,
				EE536FC7D285179CEFB9A6B6 /* ReadingPaneView.swift */,
			);
			path = Views;
			sourceTree = "<group>";
		};
		8E87C366046264D89329DEBA /* Products */ = {
			isa = PBXGroup;
			children = (
				43BC7944427CBFB71C9C0FCD /* Precis.app */,
			);
			name = Products;
			sourceTree = "<group>";
		};
		9D43F268FC62BA33A552D079 /* Utilities */ = {
			isa = PBXGroup;
			children = (
				2D827B461D187C59163E5803 /* Logger.swift */,
			);
			path = Utilities;
			sourceTree = "<group>";
		};
		C405787DB2034C41157DDB75 /* Services */ = {
			isa = PBXGroup;
			children = (
				63479221A20572C8B131CC94 /* BackgroundRefreshService.swift */,
				AECD198875476281E0D08607 /* ContentExtractionService.swift */,
				872EFAD58C7D6F26E32E7E69 /* FeedDiscoveryService.swift */,
				C5F565A55A304348F54A2D40 /* FeedDiscoveryServiceTests.swift */,
				2D4763C848017EA801B958A1 /* FeedImportService.swift */,
				D5A2196FEDB9001461275B19 /* FeedParserService.swift */,
				50A54227F3A6C09BF3EBF4E9 /* FeedRefreshPipeline.swift */,
				EF30D7165BEF9EF7B18CEB81 /* FeedRefreshService.swift */,
				17F61A4AF13EAF1574520CAD /* FeedService.swift */,
				AB4FB48B25FB25AB546825EB /* FullTextSearchService.swift */,
				1853DF5D99D4EF2EB973F7EC /* RefreshScheduler.swift */,
				A859F9B3BECCF37CE2088333 /* SmartFolderService.swift */,
				E4930E47A8BD942ACE3B9865 /* TextToSpeechService.swift */,
				88EA15421265C7D145EDDA4A /* UnreadBadgeService.swift */,
			);
			path = Services;
			sourceTree = "<group>";
		};
		F9A42285C6E9C2A61B24C211 = {
			isa = PBXGroup;
			children = (
				4DA99377E3B64FF9A8F019E0 /* Precis */,
				8E87C366046264D89329DEBA /* Products */,
			);
			sourceTree = "<group>";
		};
/* End PBXGroup section */

/* Begin PBXNativeTarget section */
		920B58C63E423908623C4F88 /* Precis */ = {
			isa = PBXNativeTarget;
			buildConfigurationList = A197A071A63C66482987F205 /* Build configuration list for PBXNativeTarget "Precis" */;
			buildPhases = (
				9349BE794FBBCF006E4658F0 /* Sources */,
				8780360A9E6F34FC059A66E6 /* Frameworks */,
			);
			buildRules = (
			);
			dependencies = (
			);
			name = Precis;
			packageProductDependencies = (
				E866CBD8782989BEE12DFA8A /* FeedKit */,
			);
			productName = Precis;
			productReference = 43BC7944427CBFB71C9C0FCD /* Precis.app */;
			productType = "com.apple.product-type.application";
		};
/* End PBXNativeTarget section */

/* Begin PBXProject section */
		E68FFF47A27DE73999129081 /* Project object */ = {
			isa = PBXProject;
			attributes = {
				BuildIndependentTargetsInParallel = YES;
				LastUpgradeCheck = 1430;
				TargetAttributes = {
					920B58C63E423908623C4F88 = {
						DevelopmentTeam = "";
						ProvisioningStyle = Automatic;
					};
				};
			};
			buildConfigurationList = 18C510E74FBE29CBA91C9717 /* Build configuration list for PBXProject "Precis" */;
			developmentRegion = en;
			hasScannedForEncodings = 0;
			knownRegions = (
				Base,
				en,
			);
			mainGroup = F9A42285C6E9C2A61B24C211;
			minimizedProjectReferenceProxies = 1;
			packageReferences = (
				6B6464DC32CEA14896F923B2 /* XCRemoteSwiftPackageReference "FeedKit" */,
			);
			preferredProjectObjectVersion = 77;
			productRefGroup = 8E87C366046264D89329DEBA /* Products */;
			projectDirPath = "";
			projectRoot = "";
			targets = (
				920B58C63E423908623C4F88 /* Precis */,
			);
		};
/* End PBXProject section */

/* Begin PBXSourcesBuildPhase section */
		9349BE794FBBCF006E4658F0 /* Sources */ = {
			isa = PBXSourcesBuildPhase;
			buildActionMask = 2147483647;
			files = (
				2D8D7F95D8A32017088AC9A9 /* AIProvider.swift in Sources */,
				CB07C3DFE5753B3FAAB632E6 /* AppRootView.swift in Sources */,
				0FC09B22D38B508DAB1C7574 /* Article.swift in Sources */,
				FE20E9AC570CC0D23D124E75 /* ArticleListItem.swift in Sources */,
				3FB94E0DE0F6BBF532BBEC50 /* ArticleListView.swift in Sources */,
				B462BFB4E65F58AE7858B570 /* ArticleListViewModel.swift in Sources */,
				EF6F5BBC4C212CCBF3549F7E /* ArticleRepository.swift in Sources */,
				12AAF13E8D19D5AFAE1A9B22 /* BackgroundRefreshService.swift in Sources */,
				0AB3804987F95D14362B3E10 /* BrowserView.swift in Sources */,
				77F10C7D044891A8E994A1F5 /* CloudKitSyncService.swift in Sources */,
				58E0C604A6F47B8B9F2FB70C /* ContentExtractionService.swift in Sources */,
				0BB590A62D18FF0B1D2F182B /* ContentView.swift in Sources */,
				2C8557ED6E6A034DF8C6E0B1 /* ContentViewModel.swift in Sources */,
				1CAC44F074E0AE4D6DB9A8A0 /* DesignReviewBaseline.swift in Sources */,
				E2609D131D1A3D22F0DC998B /* DesignSystem.swift in Sources */,
				EB851919CF785D96E0A93971 /* Feed.swift in Sources */,
				F6F370BC5965758C032FB054 /* FeedDiscoveryResult.swift in Sources */,
				1D52482FEB961B1F5E6B956D /* FeedDiscoveryService.swift in Sources */,
				A969927AD805CF2A2C37958E /* FeedDiscoveryServiceTests.swift in Sources */,
				818DB03E5B7F8EEA3658334A /* FeedImportService.swift in Sources */,
				E7D2C9778203C3F02DF737AD /* FeedParserService.swift in Sources */,
				C0F1606CBB4828887F020B5E /* FeedRefreshPipeline.swift in Sources */,
				1E0B7D8E279442BDAB737B17 /* FeedRefreshService.swift in Sources */,
				44AA4838D6D4B0422621884E /* FeedRepository.swift in Sources */,
				4875B528E262839BB70B1A37 /* FeedService.swift in Sources */,
				B01C33CEF93372E99A3837D1 /* Folder.swift in Sources */,
				40A99782BEFD9BE73A0E91F3 /* FullTextSearchService.swift in Sources */,
				677078F801C7699A23A9406B /* Logger.swift in Sources */,
				7F729304DD4AE7A4523B7EA7 /* MainWindowLayout.swift in Sources */,
				870CECEF8E89EAE443ADF28C /* ModelContainerProvider.swift in Sources */,
				448371B24D14B394F9DD9E66 /* NotificationSettings.swift in Sources */,
				F48FEAC045F490DC03A0ABB1 /* PersistenceController.swift in Sources */,
				C920CC67EA5A0064D41F5A74 /* PrecisApp.swift in Sources */,
				C9A30658C58BFA22BD76192F /* PrecisAppIntent.swift in Sources */,
				3E0294DF6D933B35840657F5 /* ReadingPaneView.swift in Sources */,
				4CDDF6B877CD6EA5BABEC737 /* RefreshSchedule.swift in Sources */,
				A35A743654E39BAAA4F8AB90 /* RefreshScheduler.swift in Sources */,
				24FE142F5FEC2DD937ACD896 /* SmartFolder.swift in Sources */,
				B16F8E8CB05F38F25D012DBE /* SmartFolderService.swift in Sources */,
				AE611FA41D42FC519D862A86 /* SummarizationProvider.swift in Sources */,
				A6A09579B208B60ACF920963 /* Summary.swift in Sources */,
				EE18A9BF953C3E51DC2431DA /* SwiftDataModels.swift in Sources */,
				993640AAD6ED0F96942951D8 /* TextToSpeechService.swift in Sources */,
				1046326D0F0A4ECF9DC5E0EA /* UnreadBadgeService.swift in Sources */,
			);
			runOnlyForDeploymentPostprocessing = 0;
		};
/* End PBXSourcesBuildPhase section */

/* Begin XCBuildConfiguration section */
		114B54A3EA974C3D99D27645 /* Release */ = {
			isa = XCBuildConfiguration;
			buildSettings = {
				ALWAYS_SEARCH_USER_PATHS = NO;
				ARCHS = arm64;
				ASSETCATALOG_COMPILER_APPICON_NAME = AppIcon;
				CLANG_ANALYZER_NONNULL = YES;
				CLANG_ANALYZER_NUMBER_OBJECT_CONVERSION = YES_AGGRESSIVE;
				CLANG_CXX_LANGUAGE_STANDARD = "gnu++14";
				CLANG_CXX_LIBRARY = "libc++";
				CLANG_ENABLE_MODULES = YES;
				CLANG_ENABLE_OBJC_ARC = YES;
				CLANG_ENABLE_OBJC_WEAK = YES;
				CLANG_WARN_BLOCK_CAPTURE_AUTORELEASING = YES;
				CLANG_WARN_BOOL_CONVERSION = YES;
				CLANG_WARN_COMMA = YES;
				CLANG_WARN_CONSTANT_CONVERSION = YES;
				CLANG_WARN_DEPRECATED_OBJC_IMPLEMENTATIONS = YES;
				CLANG_WARN_DIRECT_OBJC_ISA_USAGE = YES_ERROR;
				CLANG_WARN_DOCUMENTATION_COMMENTS = YES;
				CLANG_WARN_EMPTY_BODY = YES;
				CLANG_WARN_ENUM_CONVERSION = YES;
				CLANG_WARN_INFINITE_RECURSION = YES;
				CLANG_WARN_INT_CONVERSION = YES;
				CLANG_WARN_NON_LITERAL_NULL_CONVERSION = YES;
				CLANG_WARN_OBJC_IMPLICIT_RETAIN_SELF = YES;
				CLANG_WARN_OBJC_LITERAL_CONVERSION = YES;
				CLANG_WARN_OBJC_ROOT_CLASS = YES_ERROR;
				CLANG_WARN_QUOTED_INCLUDE_IN_FRAMEWORK_HEADER = YES;
				CLANG_WARN_RANGE_LOOP_ANALYSIS = YES;
				CLANG_WARN_STRICT_PROTOTYPES = YES;
				CLANG_WARN_SUSPICIOUS_MOVE = YES;
				CLANG_WARN_UNGUARDED_AVAILABILITY = YES_AGGRESSIVE;
				CLANG_WARN_UNREACHABLE_CODE = YES;
				CLANG_WARN__DUPLICATE_METHOD_MATCH = YES;
				CODE_SIGN_ENTITLEMENTS = Precis/Precis.entitlements;
				CODE_SIGN_IDENTITY = "-";
				CODE_SIGN_STYLE = Automatic;
				COPY_PHASE_STRIP = NO;
				CURRENT_PROJECT_VERSION = 1;
				DEBUG_INFORMATION_FORMAT = "dwarf-with-dsym";
				DEVELOPMENT_TEAM = "";
				ENABLE_APP_SANDBOX = YES;
				ENABLE_HARDENED_RUNTIME = YES;
				ENABLE_NS_ASSERTIONS = NO;
				ENABLE_STRICT_OBJC_MSGSEND = YES;
				GCC_C_LANGUAGE_STANDARD = gnu11;
				GCC_NO_COMMON_BLOCKS = YES;
				GCC_WARN_64_TO_32_BIT_CONVERSION = YES;
				GCC_WARN_ABOUT_RETURN_TYPE = YES_ERROR;
				GCC_WARN_UNDECLARED_SELECTOR = YES;
				GCC_WARN_UNINITIALIZED_AUTOS = YES_AGGRESSIVE;
				GCC_WARN_UNUSED_FUNCTION = YES;
				GCC_WARN_UNUSED_VARIABLE = YES;
				GENERATE_INFOPLIST_FILE = NO;
				INFOPLIST_FILE = Precis/Info.plist;
				LSApplicationCategoryType = "public.app-category.news";
				MACOSX_DEPLOYMENT_TARGET = 26.0;
				MARKETING_VERSION = 0.1.0;
				MTL_ENABLE_DEBUG_INFO = NO;
				MTL_FAST_MATH = YES;
				NSAppTransportSecurity = "[\"NSAllowsArbitraryLoads\": false]";
				NSHumanReadableCopyright = "© 2026 Precis. All rights reserved.";
				NSPrincipalClass = NSApplication;
				PRODUCT_BUNDLE_IDENTIFIER = app.precis.Precis;
				PRODUCT_NAME = Precis;
				SDKROOT = macosx;
				SUPPORTED_PLATFORMS = macosx;
				SWIFT_COMPILATION_MODE = wholemodule;
				SWIFT_OPTIMIZATION_LEVEL = "-O";
				SWIFT_VERSION = 6.0;
				TARGETED_DEVICE_FAMILY = 1;
				VALID_ARCHS = arm64;
			};
			name = Release;
		};
		1E0D724DFB7DDD845043B716 /* Release */ = {
			isa = XCBuildConfiguration;
			buildSettings = {
				ASSETCATALOG_COMPILER_APPICON_NAME = AppIcon;
				CODE_SIGN_ENTITLEMENTS = Precis/Precis.entitlements;
				COMBINE_HIDPI_IMAGES = YES;
				ENABLE_APP_SANDBOX = YES;
				ENABLE_HARDENED_RUNTIME = YES;
				INFOPLIST_FILE = Precis/Info.plist;
				LD_RUNPATH_SEARCH_PATHS = (
					"$(inherited)",
					"@executable_path/../Frameworks",
				);
				PRODUCT_BUNDLE_IDENTIFIER = app.precis.Precis;
				SDKROOT = macosx;
			};
			name = Release;
		};
		76640F4BF582812860A35301 /* Debug */ = {
			isa = XCBuildConfiguration;
			buildSettings = {
				ASSETCATALOG_COMPILER_APPICON_NAME = AppIcon;
				CODE_SIGN_ENTITLEMENTS = Precis/Precis.entitlements;
				COMBINE_HIDPI_IMAGES = YES;
				ENABLE_APP_SANDBOX = YES;
				ENABLE_HARDENED_RUNTIME = YES;
				INFOPLIST_FILE = Precis/Info.plist;
				LD_RUNPATH_SEARCH_PATHS = (
					"$(inherited)",
					"@executable_path/../Frameworks",
				);
				PRODUCT_BUNDLE_IDENTIFIER = app.precis.Precis;
				SDKROOT = macosx;
			};
			name = Debug;
		};
		EE3C66D8A2798CBE1C85FE1D /* Debug */ = {
			isa = XCBuildConfiguration;
			buildSettings = {
				ALWAYS_SEARCH_USER_PATHS = NO;
				ARCHS = arm64;
				ASSETCATALOG_COMPILER_APPICON_NAME = AppIcon;
				CLANG_ANALYZER_NONNULL = YES;
				CLANG_ANALYZER_NUMBER_OBJECT_CONVERSION = YES_AGGRESSIVE;
				CLANG_CXX_LANGUAGE_STANDARD = "gnu++14";
				CLANG_CXX_LIBRARY = "libc++";
				CLANG_ENABLE_MODULES = YES;
				CLANG_ENABLE_OBJC_ARC = YES;
				CLANG_ENABLE_OBJC_WEAK = YES;
				CLANG_WARN_BLOCK_CAPTURE_AUTORELEASING = YES;
				CLANG_WARN_BOOL_CONVERSION = YES;
				CLANG_WARN_COMMA = YES;
				CLANG_WARN_CONSTANT_CONVERSION = YES;
				CLANG_WARN_DEPRECATED_OBJC_IMPLEMENTATIONS = YES;
				CLANG_WARN_DIRECT_OBJC_ISA_USAGE = YES_ERROR;
				CLANG_WARN_DOCUMENTATION_COMMENTS = YES;
				CLANG_WARN_EMPTY_BODY = YES;
				CLANG_WARN_ENUM_CONVERSION = YES;
				CLANG_WARN_INFINITE_RECURSION = YES;
				CLANG_WARN_INT_CONVERSION = YES;
				CLANG_WARN_NON_LITERAL_NULL_CONVERSION = YES;
				CLANG_WARN_OBJC_IMPLICIT_RETAIN_SELF = YES;
				CLANG_WARN_OBJC_LITERAL_CONVERSION = YES;
				CLANG_WARN_OBJC_ROOT_CLASS = YES_ERROR;
				CLANG_WARN_QUOTED_INCLUDE_IN_FRAMEWORK_HEADER = YES;
				CLANG_WARN_RANGE_LOOP_ANALYSIS = YES;
				CLANG_WARN_STRICT_PROTOTYPES = YES;
				CLANG_WARN_SUSPICIOUS_MOVE = YES;
				CLANG_WARN_UNGUARDED_AVAILABILITY = YES_AGGRESSIVE;
				CLANG_WARN_UNREACHABLE_CODE = YES;
				CLANG_WARN__DUPLICATE_METHOD_MATCH = YES;
				CODE_SIGN_ENTITLEMENTS = Precis/Precis.entitlements;
				CODE_SIGN_IDENTITY = "-";
				CODE_SIGN_STYLE = Automatic;
				COPY_PHASE_STRIP = NO;
				CURRENT_PROJECT_VERSION = 1;
				DEBUG_INFORMATION_FORMAT = dwarf;
				DEVELOPMENT_TEAM = "";
				ENABLE_APP_SANDBOX = YES;
				ENABLE_HARDENED_RUNTIME = YES;
				ENABLE_STRICT_OBJC_MSGSEND = YES;
				ENABLE_TESTABILITY = YES;
				GCC_C_LANGUAGE_STANDARD = gnu11;
				GCC_DYNAMIC_NO_PIC = NO;
				GCC_NO_COMMON_BLOCKS = YES;
				GCC_OPTIMIZATION_LEVEL = 0;
				GCC_PREPROCESSOR_DEFINITIONS = (
					"$(inherited)",
					"DEBUG=1",
				);
				GCC_WARN_64_TO_32_BIT_CONVERSION = YES;
				GCC_WARN_ABOUT_RETURN_TYPE = YES_ERROR;
				GCC_WARN_UNDECLARED_SELECTOR = YES;
				GCC_WARN_UNINITIALIZED_AUTOS = YES_AGGRESSIVE;
				GCC_WARN_UNUSED_FUNCTION = YES;
				GCC_WARN_UNUSED_VARIABLE = YES;
				GENERATE_INFOPLIST_FILE = NO;
				INFOPLIST_FILE = Precis/Info.plist;
				LSApplicationCategoryType = "public.app-category.news";
				MACOSX_DEPLOYMENT_TARGET = 26.0;
				MARKETING_VERSION = 0.1.0;
				MTL_ENABLE_DEBUG_INFO = INCLUDE_SOURCE;
				MTL_FAST_MATH = YES;
				NSAppTransportSecurity = "[\"NSAllowsArbitraryLoads\": false]";
				NSHumanReadableCopyright = "© 2026 Precis. All rights reserved.";
				NSPrincipalClass = NSApplication;
				ONLY_ACTIVE_ARCH = YES;
				PRODUCT_BUNDLE_IDENTIFIER = app.precis.Precis;
				PRODUCT_NAME = Precis;
				SDKROOT = macosx;
				SUPPORTED_PLATFORMS = macosx;
				SWIFT_ACTIVE_COMPILATION_CONDITIONS = DEBUG;
				SWIFT_OPTIMIZATION_LEVEL = "-Onone";
				SWIFT_VERSION = 6.0;
				TARGETED_DEVICE_FAMILY = 1;
				VALID_ARCHS = arm64;
			};
			name = Debug;
		};
/* End XCBuildConfiguration section */

/* Begin XCConfigurationList section */
		18C510E74FBE29CBA91C9717 /* Build configuration list for PBXProject "Precis" */ = {
			isa = XCConfigurationList;
			buildConfigurations = (
				EE3C66D8A2798CBE1C85FE1D /* Debug */,
				114B54A3EA974C3D99D27645 /* Release */,
			);
			defaultConfigurationIsVisible = 0;
			defaultConfigurationName = Debug;
		};
		A197A071A63C66482987F205 /* Build configuration list for PBXNativeTarget "Precis" */ = {
			isa = XCConfigurationList;
			buildConfigurations = (
				76640F4BF582812860A35301 /* Debug */,
				1E0D724DFB7DDD845043B716 /* Release */,
			);
			defaultConfigurationIsVisible = 0;
			defaultConfigurationName = Debug;
		};
/* End XCConfigurationList section */

/* Begin XCRemoteSwiftPackageReference section */
		6B6464DC32CEA14896F923B2 /* XCRemoteSwiftPackageReference "FeedKit" */ = {
			isa = XCRemoteSwiftPackageReference;
			repositoryURL = "https://github.com/nmdias/FeedKit.git";
			requirement = {
				kind = upToNextMajorVersion;
				minimumVersion = 9.1.0;
			};
		};
/* End XCRemoteSwiftPackageReference section */

/* Begin XCSwiftPackageProductDependency section */
		E866CBD8782989BEE12DFA8A /* FeedKit */ = {
			isa = XCSwiftPackageProductDependency;
			package = 6B6464DC32CEA14896F923B2 /* XCRemoteSwiftPackageReference "FeedKit" */;
			productName = FeedKit;
		};
/* End XCSwiftPackageProductDependency section */
	};
	rootObject = E68FFF47A27DE73999129081 /* Project object */;
}
